// !$*UTF8*$!
{
	archiveVersion = 1;
	classes = {
	};
	objectVersion = 77;
	objects = {

/* Begin PBXContainerItemProxy section */
		150153342CFA1A71005F0242 /* PBXContainerItemProxy */ = {
			isa = PBXContainerItemProxy;
			containerPortal = 150153122CFA1A70005F0242 /* Project object */;
			proxyType = 1;
			remoteGlobalIDString = 150153192CFA1A70005F0242;
			remoteInfo = "Dicee-iOS13";
		};
		1501533E2CFA1A72005F0242 /* PBXContainerItemProxy */ = {
			isa = PBXContainerItemProxy;
			containerPortal = 150153122CFA1A70005F0242 /* Project object */;
			proxyType = 1;
			remoteGlobalIDString = 150153192CFA1A70005F0242;
			remoteInfo = "Dicee-iOS13";
		};
/* End PBXContainerItemProxy section */

/* Begin PBXFileReference section */
		1501531A2CFA1A70005F0242 /* Dicee-iOS13.app */ = {isa = PBXFileReference; explicitFileType = wrapper.application; includeInIndex = 0; path = "Dicee-iOS13.app"; sourceTree = BUILT_PRODUCTS_DIR; };
		150153332CFA1A71005F0242 /* Dicee-iOS13Tests.xctest */ = {isa = PBXFileReference; explicitFileType = wrapper.cfbundle; includeInIndex = 0; path = "Dicee-iOS13Tests.xctest"; sourceTree = BUILT_PRODUCTS_DIR; };
		1501533D2CFA1A72005F0242 /* Dicee-iOS13UITests.xctest */ = {isa = PBXFileReference; explicitFileType = wrapper.cfbundle; includeInIndex = 0; path = "Dicee-iOS13UITests.xctest"; sourceTree = BUILT_PRODUCTS_DIR; };
/* End PBXFileReference section */

/* Begin PBXFileSystemSynchronizedBuildFileExceptionSet section */
		150153452CFA1A72005F0242 /* Exceptions for "Dicee-iOS13" folder in "Dicee-iOS13" target */ = {
			isa = PBXFileSystemSynchronizedBuildFileExceptionSet;
			membershipExceptions = (
				Info.plist,
			);
			target = 150153192CFA1A70005F0242 /* Dicee-iOS13 */;
		};
/* End PBXFileSystemSynchronizedBuildFileExceptionSet section */

/* Begin PBXFileSystemSynchronizedRootGroup section */
		1501531C2CFA1A70005F0242 /* Dicee-iOS13 */ = {
			isa = PBXFileSystemSynchronizedRootGroup;
			exceptions = (
				150153452CFA1A72005F0242 /* Exceptions for "Dicee-iOS13" folder in "Dicee-iOS13" target */,
			);
			path = "Dicee-iOS13";
			sourceTree = "<group>";
		};
		150153362CFA1A71005F0242 /* Dicee-iOS13Tests */ = {
			isa = PBXFileSystemSynchronizedRootGroup;
			path = "Dicee-iOS13Tests";
			sourceTree = "<group>";
		};
		150153402CFA1A72005F0242 /* Dicee-iOS13UITests */ = {
			isa = PBXFileSystemSynchronizedRootGroup;
			path = "Dicee-iOS13UITests";
			sourceTree = "<group>";
		};
/* End PBXFileSystemSynchronizedRootGroup section */

/* Begin PBXFrameworksBuildPhase section */
		150153172CFA1A70005F0242 /* Frameworks */ = {
			isa = PBXFrameworksBuildPhase;
			buildActionMask = 2147483647;
			files = (
			);
			runOnlyForDeploymentPostprocessing = 0;
		};
		150153302CFA1A71005F0242 /* Frameworks */ = {
			isa = PBXFrameworksBuildPhase;
			buildActionMask = 2147483647;
			files = (
			);
			runOnlyForDeploymentPostprocessing = 0;
		};
		1501533A2CFA1A72005F0242 /* Frameworks */ = {
			isa = PBXFrameworksBuildPhase;
			buildActionMask = 2147483647;
			files = (
			);
			runOnlyForDeploymentPostprocessing = 0;
		};
/* End PBXFrameworksBuildPhase section */

/* Begin PBXGroup section */
		150153112CFA1A70005F0242 = {
			isa = PBXGroup;
			children = (
				1501531C2CFA1A70005F0242 /* Dicee-iOS13 */,
				150153362CFA1A71005F0242 /* Dicee-iOS13Tests */,
				150153402CFA1A72005F0242 /* Dicee-iOS13UITests */,
				1501531B2CFA1A70005F0242 /* Products */,
			);
			sourceTree = "<group>";
		};
		1501531B2CFA1A70005F0242 /* Products */ = {
			isa = PBXGroup;
			children = (
				1501531A2CFA1A70005F0242 /* Dicee-iOS13.app */,
				150153332CFA1A71005F0242 /* Dicee-iOS13Tests.xctest */,
				1501533D2CFA1A72005F0242 /* Dicee-iOS13UITests.xctest */,
			);
			name = Products;
			sourceTree = "<group>";
		};
/* End PBXGroup section */

/* Begin PBXNativeTarget section */
		150153192CFA1A70005F0242 /* Dicee-iOS13 */ = {
			isa = PBXNativeTarget;
			buildConfigurationList = 150153462CFA1A72005F0242 /* Build configuration list for PBXNativeTarget "Dicee-iOS13" */;
			buildPhases = (
				150153162CFA1A70005F0242 /* Sources */,
				150153172CFA1A70005F0242 /* Frameworks */,
				150153182CFA1A70005F0242 /* Resources */,
			);
			buildRules = (
			);
			dependencies = (
			);
			fileSystemSynchronizedGroups = (
				1501531C2CFA1A70005F0242 /* Dicee-iOS13 */,
			);
			name = "Dicee-iOS13";
			packageProductDependencies = (
			);
			productName = "Dicee-iOS13";
			productReference = 1501531A2CFA1A70005F0242 /* Dicee-iOS13.app */;
			productType = "com.apple.product-type.application";
		};
		150153322CFA1A71005F0242 /* Dicee-iOS13Tests */ = {
			isa = PBXNativeTarget;
			buildConfigurationList = 1501534B2CFA1A72005F0242 /* Build configuration list for PBXNativeTarget "Dicee-iOS13Tests" */;
			buildPhases = (
				1501532F2CFA1A71005F0242 /* Sources */,
				150153302CFA1A71005F0242 /* Frameworks */,
				150153312CFA1A71005F0242 /* Resources */,
			);
			buildRules = (
			);
			dependencies = (
				150153352CFA1A71005F0242 /* PBXTargetDependency */,
			);
			fileSystemSynchronizedGroups = (
				150153362CFA1A71005F0242 /* Dicee-iOS13Tests */,
			);
			name = "Dicee-iOS13Tests";
			packageProductDependencies = (
			);
			productName = "Dicee-iOS13Tests";
			productReference = 150153332CFA1A71005F0242 /* Dicee-iOS13Tests.xctest */;
			productType = "com.apple.product-type.bundle.unit-test";
		};
		1501533C2CFA1A72005F0242 /* Dicee-iOS13UITests */ = {
			isa = PBXNativeTarget;
			buildConfigurationList = 1501534E2CFA1A72005F0242 /* Build configuration list for PBXNativeTarget "Dicee-iOS13UITests" */;
			buildPhases = (
				150153392CFA1A72005F0242 /* Sources */,
				1501533A2CFA1A72005F0242 /* Frameworks */,
				1501533B2CFA1A72005F0242 /* Resources */,
			);
			buildRules = (
			);
			dependencies = (
				1501533F2CFA1A72005F0242 /* PBXTargetDependency */,
			);
			fileSystemSynchronizedGroups = (
				150153402CFA1A72005F0242 /* Dicee-iOS13UITests */,
			);
			name = "Dicee-iOS13UITests";
			packageProductDependencies = (
			);
			productName = "Dicee-iOS13UITests";
			productReference = 1501533D2CFA1A72005F0242 /* Dicee-iOS13UITests.xctest */;
			productType = "com.apple.product-type.bundle.ui-testing";
		};
/* End PBXNativeTarget section */

/* Begin PBXProject section */
		150153122CFA1A70005F0242 /* Project object */ = {
			isa = PBXProject;
			attributes = {
				BuildIndependentTargetsInParallel = 1;
				LastSwiftUpdateCheck = 1610;
				LastUpgradeCheck = 1610;
				TargetAttributes = {
					150153192CFA1A70005F0242 = {
						CreatedOnToolsVersion = 16.1;
					};
					150153322CFA1A71005F0242 = {
						CreatedOnToolsVersion = 16.1;
						TestTargetID = 150153192CFA1A70005F0242;
					};
					1501533C2CFA1A72005F0242 = {
						CreatedOnToolsVersion = 16.1;
						TestTargetID = 150153192CFA1A70005F0242;
					};
				};
			};
			buildConfigurationList = 150153152CFA1A70005F0242 /* Build configuration list for PBXProject "Dicee-iOS13" */;
			developmentRegion = en;
			hasScannedForEncodings = 0;
			knownRegions = (
				en,
				Base,
			);
			mainGroup = 150153112CFA1A70005F0242;
			minimizedProjectReferenceProxies = 1;
			preferredProjectObjectVersion = 77;
			productRefGroup = 1501531B2CFA1A70005F0242 /* Products */;
			projectDirPath = "";
			projectRoot = "";
			targets = (
				150153192CFA1A70005F0242 /* Dicee-iOS13 */,
				150153322CFA1A71005F0242 /* Dicee-iOS13Tests */,
				1501533C2CFA1A72005F0242 /* Dicee-iOS13UITests */,
			);
		};
/* End PBXProject section */

/* Begin PBXResourcesBuildPhase section */
		150153182CFA1A70005F0242 /* Resources */ = {
			isa = PBXResourcesBuildPhase;
			buildActionMask = 2147483647;
			files = (
			);
			runOnlyForDeploymentPostprocessing = 0;
		};
		150153312CFA1A71005F0242 /* Resources */ = {
			isa = PBXResourcesBuildPhase;
			buildActionMask = 2147483647;
			files = (
			);
			runOnlyForDeploymentPostprocessing = 0;
		};
		1501533B2CFA1A72005F0242 /* Resources */ = {
			isa = PBXResourcesBuildPhase;
			buildActionMask = 2147483647;
			files = (
			);
			runOnlyForDeploymentPostprocessing = 0;
		};
/* End PBXResourcesBuildPhase section */

/* Begin PBXSourcesBuildPhase section */
		150153162CFA1A70005F0242 /* Sources */ = {
			isa = PBXSourcesBuildPhase;
			buildActionMask = 2147483647;
			files = (
			);
			runOnlyForDeploymentPostprocessing = 0;
		};
		1501532F2CFA1A71005F0242 /* Sources */ = {
			isa = PBXSourcesBuildPhase;
			buildActionMask = 2147483647;
			files = (
			);
			runOnlyForDeploymentPostprocessing = 0;
		};
		150153392CFA1A72005F0242 /* Sources */ = {
			isa = PBXSourcesBuildPhase;
			buildActionMask = 2147483647;
			files = (
			);
			runOnlyForDeploymentPostprocessing = 0;
		};
/* End PBXSourcesBuildPhase section */

/* Begin PBXTargetDependency section */
		150153352CFA1A71005F0242 /* PBXTargetDependency */ = {
			isa = PBXTargetDependency;
			target = 150153192CFA1A70005F0242 /* Dicee-iOS13 */;
			targetProxy = 150153342CFA1A71005F0242 /* PBXContainerItemProxy */;
		};
		1501533F2CFA1A72005F0242 /* PBXTargetDependency */ = {
			isa = PBXTargetDependency;
			target = 150153192CFA1A70005F0242 /* Dicee-iOS13 */;
			targetProxy = 1501533E2CFA1A72005F0242 /* PBXContainerItemProxy */;
		};
/* End PBXTargetDependency section */

/* Begin XCBuildConfiguration section */
		150153472CFA1A72005F0242 /* Debug */ = {
			isa = XCBuildConfiguration;
			buildSettings = {
				ASSETCATALOG_COMPILER_APPICON_NAME = AppIcon;
				ASSETCATALOG_COMPILER_GLOBAL_ACCENT_COLOR_NAME = AccentColor;
				CODE_SIGN_STYLE = Automatic;
				CURRENT_PROJECT_VERSION = 1;
				GENERATE_INFOPLIST_FILE = YES;
				INFOPLIST_FILE = "Dicee-iOS13/Info.plist";
				INFOPLIST_KEY_UIApplicationSupportsIndirectInputEvents = YES;
				INFOPLIST_KEY_UILaunchStoryboardName = LaunchScreen;
				INFOPLIST_KEY_UIMainStoryboardFile = Main;
				INFOPLIST_KEY_UISupportedInterfaceOrientations_iPad = "UIInterfaceOrientationPortrait UIInterfaceOrientationPortraitUpsideDown UIInterfaceOrientationLandscapeLeft UIInterfaceOrientationLandscapeRight";
				INFOPLIST_KEY_UISupportedInterfaceOrientations_iPhone = "UIInterfaceOrientationPortrait UIInterfaceOrientationLandscapeLeft UIInterfaceOrientationLandscapeRight";
				LD_RUNPATH_SEARCH_PATHS = (
					"$(inherited)",
					"@executable_path/Frameworks",
				);
				MARKETING_VERSION = 1.0;
				PRODUCT_BUNDLE_IDENTIFIER = "com.section4.Dicee-iOS13";
				PRODUCT_NAME = "$(TARGET_NAME)";
				SWIFT_EMIT_LOC_STRINGS = YES;
				SWIFT_VERSION = 5.0;
				TARGETED_DEVICE_FAMILY = "1,2";
			};
			name = Debug;
		};
		150153482CFA1A72005F0242 /* Release */ = {
			isa = XCBuildConfiguration;
			buildSettings = {
				ASSETCATALOG_COMPILER_APPICON_NAME = AppIcon;
				ASSETCATALOG_COMPILER_GLOBAL_ACCENT_COLOR_NAME = AccentColor;
				CODE_SIGN_STYLE = Automatic;
				CURRENT_PROJECT_VERSION = 1;
				GENERATE_INFOPLIST_FILE = YES;
				INFOPLIST_FILE = "Dicee-iOS13/Info.plist";
				INFOPLIST_KEY_UIApplicationSupportsIndirectInputEvents = YES;
				INFOPLIST_KEY_UILaunchStoryboardName = LaunchScreen;
				INFOPLIST_KEY_UIMainStoryboardFile = Main;
				INFOPLIST_KEY_UISupportedInterfaceOrientations_iPad = "UIInterfaceOrientationPortrait UIInterfaceOrientationPortraitUpsideDown UIInterfaceOrientationLandscapeLeft UIInterfaceOrientationLandscapeRight";
				INFOPLIST_KEY_UISupportedInterfaceOrientations_iPhone = "UIInterfaceOrientationPortrait UIInterfaceOrientationLandscapeLeft UIInterfaceOrientationLandscapeRight";
				LD_RUNPATH_SEARCH_PATHS = (
					"$(inherited)",
					"@executable_path/Frameworks",
				);
				MARKETING_VERSION = 1.0;
				PRODUCT_BUNDLE_IDENTIFIER = "com.section4.Dicee-iOS13";
				PRODUCT_NAME = "$(TARGET_NAME)";
				SWIFT_EMIT_LOC_STRINGS = YES;
				SWIFT_VERSION = 5.0;
				TARGETED_DEVICE_FAMILY = "1,2";
			};
			name = Release;
		};
		150153492CFA1A72005F0242 /* Debug */ = {
			isa = XCBuildConfiguration;
			buildSettings = {
				ALWAYS_SEARCH_USER_PATHS = NO;
				ASSETCATALOG_COMPILER_GENERATE_SWIFT_ASSET_SYMBOL_EXTENSIONS = YES;
				CLANG_ANALYZER_NONNULL = YES;
				CLANG_ANALYZER_NUMBER_OBJECT_CONVERSION = YES_AGGRESSIVE;
				CLANG_CXX_LANGUAGE_STANDARD = "gnu++20";
				CLANG_ENABLE_MODULES = YES;
				CLANG_ENABLE_OBJC_ARC = YES;
				CLANG_ENABLE_OBJC_WEAK = YES;
				CLANG_WARN_BLOCK_CAPTURE_AUTORELEASING = YES;
				CLANG_WARN_BOOL_CONVERSION = YES;
				CLANG_WARN_COMMA = YES;
				CLANG_WARN_CONSTANT_CONVERSION = YES;
				CLANG_WARN_DEPRECATED_OBJC_IMPLEMENTATIONS = YES;
				CLANG_WARN_DIRECT_OBJC_ISA_USAGE = YES_ERROR;
				CLANG_WARN_DOCUMENTATION_COMMENTS = YES;
				CLANG_WARN_EMPTY_BODY = YES;
				CLANG_WARN_ENUM_CONVERSION = YES;
				CLANG_WARN_INFINITE_RECURSION = YES;
				CLANG_WARN_INT_CONVERSION = YES;
				CLANG_WARN_NON_LITERAL_NULL_CONVERSION = YES;
				CLANG_WARN_OBJC_IMPLICIT_RETAIN_SELF = YES;
				CLANG_WARN_OBJC_LITERAL_CONVERSION = YES;
				CLANG_WARN_OBJC_ROOT_CLASS = YES_ERROR;
				CLANG_WARN_QUOTED_INCLUDE_IN_FRAMEWORK_HEADER = YES;
				CLANG_WARN_RANGE_LOOP_ANALYSIS = YES;
				CLANG_WARN_STRICT_PROTOTYPES = YES;
				CLANG_WARN_SUSPICIOUS_MOVE = YES;
				CLANG_WARN_UNGUARDED_AVAILABILITY = YES_AGGRESSIVE;
				CLANG_WARN_UNREACHABLE_CODE = YES;
				CLANG_WARN__DUPLICATE_METHOD_MATCH = YES;
				COPY_PHASE_STRIP = NO;
				DEBUG_INFORMATION_FORMAT = dwarf;
				ENABLE_STRICT_OBJC_MSGSEND = YES;
				ENABLE_TESTABILITY = YES;
				ENABLE_USER_SCRIPT_SANDBOXING = YES;
				GCC_C_LANGUAGE_STANDARD = gnu17;
				GCC_DYNAMIC_NO_PIC = NO;
				GCC_NO_COMMON_BLOCKS = YES;
				GCC_OPTIMIZATION_LEVEL = 0;
				GCC_PREPROCESSOR_DEFINITIONS = (
					"DEBUG=1",
					"$(inherited)",
				);
				GCC_WARN_64_TO_32_BIT_CONVERSION = YES;
				GCC_WARN_ABOUT_RETURN_TYPE = YES_ERROR;
				GCC_WARN_UNDECLARED_SELECTOR = YES;
				GCC_WARN_UNINITIALIZED_AUTOS = YES_AGGRESSIVE;
				GCC_WARN_UNUSED_FUNCTION = YES;
				GCC_WARN_UNUSED_VARIABLE = YES;
				IPHONEOS_DEPLOYMENT_TARGET = 18.1;
				LOCALIZATION_PREFERS_STRING_CATALOGS = YES;
				MTL_ENABLE_DEBUG_INFO = INCLUDE_SOURCE;
				MTL_FAST_MATH = YES;
				ONLY_ACTIVE_ARCH = YES;
				SDKROOT = iphoneos;
				SWIFT_ACTIVE_COMPILATION_CONDITIONS = "DEBUG $(inherited)";
				SWIFT_OPTIMIZATION_LEVEL = "-Onone";
			};
			name = Debug;
		};
		1501534A2CFA1A72005F0242 /* Release */ = {
			isa = XCBuildConfiguration;
			buildSettings = {
				ALWAYS_SEARCH_USER_PATHS = NO;
				ASSETCATALOG_COMPILER_GENERATE_SWIFT_ASSET_SYMBOL_EXTENSIONS = YES;
				CLANG_ANALYZER_NONNULL = YES;
				CLANG_ANALYZER_NUMBER_OBJECT_CONVERSION = YES_AGGRESSIVE;
				CLANG_CXX_LANGUAGE_STANDARD = "gnu++20";
				CLANG_ENABLE_MODULES = YES;
				CLANG_ENABLE_OBJC_ARC = YES;
				CLANG_ENABLE_OBJC_WEAK = YES;
				CLANG_WARN_BLOCK_CAPTURE_AUTORELEASING = YES;
				CLANG_WARN_BOOL_CONVERSION = YES;
				CLANG_WARN_COMMA = YES;
				CLANG_WARN_CONSTANT_CONVERSION = YES;
				CLANG_WARN_DEPRECATED_OBJC_IMPLEMENTATIONS = YES;
				CLANG_WARN_DIRECT_OBJC_ISA_USAGE = YES_ERROR;
				CLANG_WARN_DOCUMENTATION_COMMENTS = YES;
				CLANG_WARN_EMPTY_BODY = YES;
				CLANG_WARN_ENUM_CONVERSION = YES;
				CLANG_WARN_INFINITE_RECURSION = YES;
				CLANG_WARN_INT_CONVERSION = YES;
				CLANG_WARN_NON_LITERAL_NULL_CONVERSION = YES;
				CLANG_WARN_OBJC_IMPLICIT_RETAIN_SELF = YES;
				CLANG_WARN_OBJC_LITERAL_CONVERSION = YES;
				CLANG_WARN_OBJC_ROOT_CLASS = YES_ERROR;
				CLANG_WARN_QUOTED_INCLUDE_IN_FRAMEWORK_HEADER = YES;
				CLANG_WARN_RANGE_LOOP_ANALYSIS = YES;
				CLANG_WARN_STRICT_PROTOTYPES = YES;
				CLANG_WARN_SUSPICIOUS_MOVE = YES;
				CLANG_WARN_UNGUARDED_AVAILABILITY = YES_AGGRESSIVE;
				CLANG_WARN_UNREACHABLE_CODE = YES;
				CLANG_WARN__DUPLICATE_METHOD_MATCH = YES;
				COPY_PHASE_STRIP = NO;
				DEBUG_INFORMATION_FORMAT = "dwarf-with-dsym";
				ENABLE_NS_ASSERTIONS = NO;
				ENABLE_STRICT_OBJC_MSGSEND = YES;
				ENABLE_USER_SCRIPT_SANDBOXING = YES;
				GCC_C_LANGUAGE_STANDARD = gnu17;
				GCC_NO_COMMON_BLOCKS = YES;
				GCC_WARN_64_TO_32_BIT_CONVERSION = YES;
				GCC_WARN_ABOUT_RETURN_TYPE = YES_ERROR;
				GCC_WARN_UNDECLARED_SELECTOR = YES;
				GCC_WARN_UNINITIALIZED_AUTOS = YES_AGGRESSIVE;
				GCC_WARN_UNUSED_FUNCTION = YES;
				GCC_WARN_UNUSED_VARIABLE = YES;
				IPHONEOS_DEPLOYMENT_TARGET = 18.1;
				LOCALIZATION_PREFERS_STRING_CATALOGS = YES;
				MTL_ENABLE_DEBUG_INFO = NO;
				MTL_FAST_MATH = YES;
				SDKROOT = iphoneos;
				SWIFT_COMPILATION_MODE = wholemodule;
				VALIDATE_PRODUCT = YES;
			};
			name = Release;
		};
		1501534C2CFA1A72005F0242 /* Debug */ = {
			isa = XCBuildConfiguration;
			buildSettings = {
				BUNDLE_LOADER = "$(TEST_HOST)";
				CODE_SIGN_STYLE = Automatic;
				CURRENT_PROJECT_VERSION = 1;
				GENERATE_INFOPLIST_FILE = YES;
				IPHONEOS_DEPLOYMENT_TARGET = 18.1;
				MARKETING_VERSION = 1.0;
				PRODUCT_BUNDLE_IDENTIFIER = "com.section4.Dicee-iOS13Tests";
				PRODUCT_NAME = "$(TARGET_NAME)";
				SWIFT_EMIT_LOC_STRINGS = NO;
				SWIFT_VERSION = 5.0;
				TARGETED_DEVICE_FAMILY = "1,2";
				TEST_HOST = "$(BUILT_PRODUCTS_DIR)/Dicee-iOS13.app/$(BUNDLE_EXECUTABLE_FOLDER_PATH)/Dicee-iOS13";
			};
			name = Debug;
		};
		1501534D2CFA1A72005F0242 /* Release */ = {
			isa = XCBuildConfiguration;
			buildSettings = {
				BUNDLE_LOADER = "$(TEST_HOST)";
				CODE_SIGN_STYLE = Automatic;
				CURRENT_PROJECT_VERSION = 1;
				GENERATE_INFOPLIST_FILE = YES;
				IPHONEOS_DEPLOYMENT_TARGET = 18.1;
				MARKETING_VERSION = 1.0;
				PRODUCT_BUNDLE_IDENTIFIER = "com.section4.Dicee-iOS13Tests";
				PRODUCT_NAME = "$(TARGET_NAME)";
				SWIFT_EMIT_LOC_STRINGS = NO;
				SWIFT_VERSION = 5.0;
				TARGETED_DEVICE_FAMILY = "1,2";
				TEST_HOST = "$(BUILT_PRODUCTS_DIR)/Dicee-iOS13.app/$(BUNDLE_EXECUTABLE_FOLDER_PATH)/Dicee-iOS13";
			};
			name = Release;
		};
		1501534F2CFA1A72005F0242 /* Debug */ = {
			isa = XCBuildConfiguration;
			buildSettings = {
				CODE_SIGN_STYLE = Automatic;
				CURRENT_PROJECT_VERSION = 1;
				GENERATE_INFOPLIST_FILE = YES;
				MARKETING_VERSION = 1.0;
				PRODUCT_BUNDLE_IDENTIFIER = "com.section4.Dicee-iOS13UITests";
				PRODUCT_NAME = "$(TARGET_NAME)";
				SWIFT_EMIT_LOC_STRINGS = NO;
				SWIFT_VERSION = 5.0;
				TARGETED_DEVICE_FAMILY = "1,2";
				TEST_TARGET_NAME = "Dicee-iOS13";
			};
			name = Debug;
		};
		150153502CFA1A72005F0242 /* Release */ = {
			isa = XCBuildConfiguration;
			buildSettings = {
				CODE_SIGN_STYLE = Automatic;
				CURRENT_PROJECT_VERSION = 1;
				GENERATE_INFOPLIST_FILE = YES;
				MARKETING_VERSION = 1.0;
				PRODUCT_BUNDLE_IDENTIFIER = "com.section4.Dicee-iOS13UITests";
				PRODUCT_NAME = "$(TARGET_NAME)";
				SWIFT_EMIT_LOC_STRINGS = NO;
				SWIFT_VERSION = 5.0;
				TARGETED_DEVICE_FAMILY = "1,2";
				TEST_TARGET_NAME = "Dicee-iOS13";
			};
			name = Release;
		};
/* End XCBuildConfiguration section */

/* Begin XCConfigurationList section */
		150153152CFA1A70005F0242 /* Build configuration list for PBXProject "Dicee-iOS13" */ = {
			isa = XCConfigurationList;
			buildConfigurations = (
				150153492CFA1A72005F0242 /* Debug */,
				1501534A2CFA1A72005F0242 /* Release */,
			);
			defaultConfigurationIsVisible = 0;
			defaultConfigurationName = Release;
		};
		150153462CFA1A72005F0242 /* Build configuration list for PBXNativeTarget "Dicee-iOS13" */ = {
			isa = XCConfigurationList;
			buildConfigurations = (
				150153472CFA1A72005F0242 /* Debug */,
				150153482CFA1A72005F0242 /* Release */,
			);
			defaultConfigurationIsVisible = 0;
			defaultConfigurationName = Release;
		};
		1501534B2CFA1A72005F0242 /* Build configuration list for PBXNativeTarget "Dicee-iOS13Tests" */ = {
			isa = XCConfigurationList;
			buildConfigurations = (
				1501534C2CFA1A72005F0242 /* Debug */,
				1501534D2CFA1A72005F0242 /* Release */,
			);
			defaultConfigurationIsVisible = 0;
			defaultConfigurationName = Release;
		};
		1501534E2CFA1A72005F0242 /* Build configuration list for PBXNativeTarget "Dicee-iOS13UITests" */ = {
			isa = XCConfigurationList;
			buildConfigurations = (
				1501534F2CFA1A72005F0242 /* Debug */,
				150153502CFA1A72005F0242 /* Release */,
			);
			defaultConfigurationIsVisible = 0;
			defaultConfigurationName = Release;
		};
/* End XCConfigurationList section */
	};
	rootObject = 150153122CFA1A70005F0242 /* Project object */;
}
